
Microsoft Visual Studio Solution File, Format Version 12.00
# Visual Studio 2013
VisualStudioVersion = 12.0.31101.0
MinimumVisualStudioVersion = 10.0.40219.1
Project("{FAE04EC0-301F-11D3-BF4B-00C04F79EFBC}") = "WebApplication2", "WebApplication2\WebApplication2.csproj", "{5A788A52-DF29-4CFE-AFA2-B56A7385B008}"
EndProject
Project("{2150E333-8FDC-42A3-9474-1A3956D46DE8}") = "PublishScripts", "PublishScripts", "{DC1D1B15-A940-44A3-91D9-568544694D62}"
	ProjectSection(SolutionItems) = preProject
		PublishScripts\AzureWebsitePublishModule.psm1 = PublishScripts\AzureWebsitePublishModule.psm1
		PublishScripts\Publish-WebApplicationWebsite.ps1 = PublishScripts\Publish-WebApplicationWebsite.ps1
	EndProjectSection
EndProject
Project("{2150E333-8FDC-42A3-9474-1A3956D46DE8}") = "Configurations", "Configurations", "{5C978CBA-B7CB-4E14-A6C9-DDB9D5DFD4D1}"
	ProjectSection(SolutionItems) = preProject
		PublishScripts\Configurations\WebApplication2-WAWS-dev.json = PublishScripts\Configurations\WebApplication2-WAWS-dev.json
	EndProjectSection
EndProject
Global
	GlobalSection(SolutionConfigurationPlatforms) = preSolution
		Debug|Any CPU = Debug|Any CPU
		Release|Any CPU = Release|Any CPU
	EndGlobalSection
	GlobalSection(ProjectConfigurationPlatforms) = postSolution
		{5A788A52-DF29-4CFE-AFA2-B56A7385B008}.Debug|Any CPU.ActiveCfg = Debug|Any CPU
		{5A788A52-DF29-4CFE-AFA2-B56A7385B008}.Debug|Any CPU.Build.0 = Debug|Any CPU
		{5A788A52-DF29-4CFE-AFA2-B56A7385B008}.Release|Any CPU.ActiveCfg = Release|Any CPU
		{5A788A52-DF29-4CFE-AFA2-B56A7385B008}.Release|Any CPU.Build.0 = Release|Any CPU
	EndGlobalSection
	GlobalSection(SolutionProperties) = preSolution
		HideSolutionNode = FALSE
	EndGlobalSection
	GlobalSection(NestedProjects) = preSolution
		{5C978CBA-B7CB-4E14-A6C9-DDB9D5DFD4D1} = {DC1D1B15-A940-44A3-91D9-568544694D62}
	EndGlobalSection
EndGlobal
